{
  "object": {
    "pins": [
      {
        "package": "FMDB",
        "repositoryURL": "https://github.com/ccgus/fmdb",
        "state": {
          "branch": null,
          "revision": "61e51fde7f7aab6554f30ab061cc588b28a97d04",
          "version": "2.7.7"
        }
      },
      {
        "package": "SwiftyGif",
        "repositoryURL": "https://github.com/kirualex/SwiftyGif.git",
        "state": {
          "branch": null,
          "revision": "420d12cba8338b03993f73a72c1f6b70d5273cf2",
          "version": "5.3.0"
        }
      }
    ]
  },
  "version": 1
}
